// !$*UTF8*$!
{
	archiveVersion = 1;
	classes = {
	};
	objectVersion = 56;
	objects = {

/* Begin PBXBuildFile section */
		AD9376632C3EF238008C6C42 /* FlickerImageApp.swift in Sources */ = {isa = PBXBuildFile; fileRef = AD9376622C3EF238008C6C42 /* FlickerImageApp.swift */; };
		AD9376652C3EF238008C6C42 /* FlickrSearchView.swift in Sources */ = {isa = PBXBuildFile; fileRef = AD9376642C3EF238008C6C42 /* FlickrSearchView.swift */; };
		AD9376672C3EF23A008C6C42 /* Assets.xcassets in Resources */ = {isa = PBXBuildFile; fileRef = AD9376662C3EF23A008C6C42 /* Assets.xcassets */; };
		AD93766A2C3EF23A008C6C42 /* Preview Assets.xcassets in Resources */ = {isa = PBXBuildFile; fileRef = AD9376692C3EF23A008C6C42 /* Preview Assets.xcassets */; };
		AD9376742C3EF23A008C6C42 /* FlickrSearchViewTests.swift in Sources */ = {isa = PBXBuildFile; fileRef = AD9376732C3EF23A008C6C42 /* FlickrSearchViewTests.swift */; };
		AD93767E2C3EF23A008C6C42 /* FlickerImageUITests.swift in Sources */ = {isa = PBXBuildFile; fileRef = AD93767D2C3EF23A008C6C42 /* FlickerImageUITests.swift */; };
		AD9376802C3EF23A008C6C42 /* FlickerImageUITestsLaunchTests.swift in Sources */ = {isa = PBXBuildFile; fileRef = AD93767F2C3EF23A008C6C42 /* FlickerImageUITestsLaunchTests.swift */; };
		AD93768E2C3EF29D008C6C42 /* FlickrModel.swift in Sources */ = {isa = PBXBuildFile; fileRef = AD93768D2C3EF29D008C6C42 /* FlickrModel.swift */; };
		AD9376912C3EF3CA008C6C42 /* FlickrService.swift in Sources */ = {isa = PBXBuildFile; fileRef = AD9376902C3EF3CA008C6C42 /* FlickrService.swift */; };
		AD9376942C3EF40D008C6C42 /* AppConstants.swift in Sources */ = {isa = PBXBuildFile; fileRef = AD9376932C3EF40D008C6C42 /* AppConstants.swift */; };
		AD9376982C3EF498008C6C42 /* FlickrViewModel.swift in Sources */ = {isa = PBXBuildFile; fileRef = AD9376972C3EF498008C6C42 /* FlickrViewModel.swift */; };
		AD93769A2C3EF507008C6C42 /* SearchBar.swift in Sources */ = {isa = PBXBuildFile; fileRef = AD9376992C3EF507008C6C42 /* SearchBar.swift */; };
		AD93769C2C3EF522008C6C42 /* ImageView.swift in Sources */ = {isa = PBXBuildFile; fileRef = AD93769B2C3EF522008C6C42 /* ImageView.swift */; };
		AD9376A12C3F0C49008C6C42 /* ImageViewDetail.swift in Sources */ = {isa = PBXBuildFile; fileRef = AD9376A02C3F0C49008C6C42 /* ImageViewDetail.swift */; };
		AD9376A32C3F1277008C6C42 /* HTMLTextView.swift in Sources */ = {isa = PBXBuildFile; fileRef = AD9376A22C3F1277008C6C42 /* HTMLTextView.swift */; };
		AD9376A62C3F13CE008C6C42 /* DateAdditions.swift in Sources */ = {isa = PBXBuildFile; fileRef = AD9376A52C3F13CE008C6C42 /* DateAdditions.swift */; };
/* End PBXBuildFile section */

/* Begin PBXContainerItemProxy section */
		AD9376702C3EF23A008C6C42 /* PBXContainerItemProxy */ = {
			isa = PBXContainerItemProxy;
			containerPortal = AD9376572C3EF238008C6C42 /* Project object */;
			proxyType = 1;
			remoteGlobalIDString = AD93765E2C3EF238008C6C42;
			remoteInfo = FlickerImage;
		};
		AD93767A2C3EF23A008C6C42 /* PBXContainerItemProxy */ = {
			isa = PBXContainerItemProxy;
			containerPortal = AD9376572C3EF238008C6C42 /* Project object */;
			proxyType = 1;
			remoteGlobalIDString = AD93765E2C3EF238008C6C42;
			remoteInfo = FlickerImage;
		};
/* End PBXContainerItemProxy section */

/* Begin PBXFileReference section */
		AD93765F2C3EF238008C6C42 /* FlickrImage.app */ = {isa = PBXFileReference; explicitFileType = wrapper.application; includeInIndex = 0; path = FlickrImage.app; sourceTree = BUILT_PRODUCTS_DIR; };
		AD9376622C3EF238008C6C42 /* FlickerImageApp.swift */ = {isa = PBXFileReference; lastKnownFileType = sourcecode.swift; path = FlickerImageApp.swift; sourceTree = "<group>"; };
		AD9376642C3EF238008C6C42 /* FlickrSearchView.swift */ = {isa = PBXFileReference; lastKnownFileType = sourcecode.swift; path = FlickrSearchView.swift; sourceTree = "<group>"; };
		AD9376662C3EF23A008C6C42 /* Assets.xcassets */ = {isa = PBXFileReference; lastKnownFileType = folder.assetcatalog; path = Assets.xcassets; sourceTree = "<group>"; };
		AD9376692C3EF23A008C6C42 /* Preview Assets.xcassets */ = {isa = PBXFileReference; lastKnownFileType = folder.assetcatalog; path = "Preview Assets.xcassets"; sourceTree = "<group>"; };
		AD93766F2C3EF23A008C6C42 /* FlickrImageTests.xctest */ = {isa = PBXFileReference; explicitFileType = wrapper.cfbundle; includeInIndex = 0; path = FlickrImageTests.xctest; sourceTree = BUILT_PRODUCTS_DIR; };
		AD9376732C3EF23A008C6C42 /* FlickrSearchViewTests.swift */ = {isa = PBXFileReference; lastKnownFileType = sourcecode.swift; path = FlickrSearchViewTests.swift; sourceTree = "<group>"; };
		AD9376792C3EF23A008C6C42 /* FlickrImageUITests.xctest */ = {isa = PBXFileReference; explicitFileType = wrapper.cfbundle; includeInIndex = 0; path = FlickrImageUITests.xctest; sourceTree = BUILT_PRODUCTS_DIR; };
		AD93767D2C3EF23A008C6C42 /* FlickerImageUITests.swift */ = {isa = PBXFileReference; lastKnownFileType = sourcecode.swift; path = FlickerImageUITests.swift; sourceTree = "<group>"; };
		AD93767F2C3EF23A008C6C42 /* FlickerImageUITestsLaunchTests.swift */ = {isa = PBXFileReference; lastKnownFileType = sourcecode.swift; path = FlickerImageUITestsLaunchTests.swift; sourceTree = "<group>"; };
		AD93768D2C3EF29D008C6C42 /* FlickrModel.swift */ = {isa = PBXFileReference; lastKnownFileType = sourcecode.swift; path = FlickrModel.swift; sourceTree = "<group>"; };
		AD9376902C3EF3CA008C6C42 /* FlickrService.swift */ = {isa = PBXFileReference; lastKnownFileType = sourcecode.swift; path = FlickrService.swift; sourceTree = "<group>"; };
		AD9376932C3EF40D008C6C42 /* AppConstants.swift */ = {isa = PBXFileReference; lastKnownFileType = sourcecode.swift; path = AppConstants.swift; sourceTree = "<group>"; };
		AD9376972C3EF498008C6C42 /* FlickrViewModel.swift */ = {isa = PBXFileReference; lastKnownFileType = sourcecode.swift; path = FlickrViewModel.swift; sourceTree = "<group>"; };
		AD9376992C3EF507008C6C42 /* SearchBar.swift */ = {isa = PBXFileReference; lastKnownFileType = sourcecode.swift; path = SearchBar.swift; sourceTree = "<group>"; };
		AD93769B2C3EF522008C6C42 /* ImageView.swift */ = {isa = PBXFileReference; lastKnownFileType = sourcecode.swift; path = ImageView.swift; sourceTree = "<group>"; };
		AD9376A02C3F0C49008C6C42 /* ImageViewDetail.swift */ = {isa = PBXFileReference; lastKnownFileType = sourcecode.swift; path = ImageViewDetail.swift; sourceTree = "<group>"; };
		AD9376A22C3F1277008C6C42 /* HTMLTextView.swift */ = {isa = PBXFileReference; lastKnownFileType = sourcecode.swift; path = HTMLTextView.swift; sourceTree = "<group>"; };
		AD9376A52C3F13CE008C6C42 /* DateAdditions.swift */ = {isa = PBXFileReference; lastKnownFileType = sourcecode.swift; path = DateAdditions.swift; sourceTree = "<group>"; };
/* End PBXFileReference section */

/* Begin PBXFrameworksBuildPhase section */
		AD93765C2C3EF238008C6C42 /* Frameworks */ = {
			isa = PBXFrameworksBuildPhase;
			buildActionMask = 2147483647;
			files = (
			);
			runOnlyForDeploymentPostprocessing = 0;
		};
		AD93766C2C3EF23A008C6C42 /* Frameworks */ = {
			isa = PBXFrameworksBuildPhase;
			buildActionMask = 2147483647;
			files = (
			);
			runOnlyForDeploymentPostprocessing = 0;
		};
		AD9376762C3EF23A008C6C42 /* Frameworks */ = {
			isa = PBXFrameworksBuildPhase;
			buildActionMask = 2147483647;
			files = (
			);
			runOnlyForDeploymentPostprocessing = 0;
		};
/* End PBXFrameworksBuildPhase section */

/* Begin PBXGroup section */
		AD9376562C3EF238008C6C42 = {
			isa = PBXGroup;
			children = (
				AD9376612C3EF238008C6C42 /* FlickrImage */,
				AD9376722C3EF23A008C6C42 /* FlickrImageTests */,
				AD93767C2C3EF23A008C6C42 /* FlickrImageUITests */,
				AD9376602C3EF238008C6C42 /* Products */,
			);
			sourceTree = "<group>";
		};
		AD9376602C3EF238008C6C42 /* Products */ = {
			isa = PBXGroup;
			children = (
				AD93765F2C3EF238008C6C42 /* FlickrImage.app */,
				AD93766F2C3EF23A008C6C42 /* FlickrImageTests.xctest */,
				AD9376792C3EF23A008C6C42 /* FlickrImageUITests.xctest */,
			);
			name = Products;
			sourceTree = "<group>";
		};
		AD9376612C3EF238008C6C42 /* FlickrImage */ = {
			isa = PBXGroup;
			children = (
				AD9376A42C3F13BF008C6C42 /* Utils */,
				AD9376962C3EF481008C6C42 /* ViewModels */,
				AD9376952C3EF41D008C6C42 /* Views */,
				AD9376922C3EF3F5008C6C42 /* Constants */,
				AD93768F2C3EF3BB008C6C42 /* APILayer */,
				AD93768C2C3EF284008C6C42 /* Models */,
				AD9376622C3EF238008C6C42 /* FlickerImageApp.swift */,
				AD9376662C3EF23A008C6C42 /* Assets.xcassets */,
				AD9376682C3EF23A008C6C42 /* Preview Content */,
			);
			path = FlickrImage;
			sourceTree = "<group>";
		};
		AD9376682C3EF23A008C6C42 /* Preview Content */ = {
			isa = PBXGroup;
			children = (
				AD9376692C3EF23A008C6C42 /* Preview Assets.xcassets */,
			);
			path = "Preview Content";
			sourceTree = "<group>";
		};
		AD9376722C3EF23A008C6C42 /* FlickrImageTests */ = {
			isa = PBXGroup;
			children = (
				AD9376732C3EF23A008C6C42 /* FlickrSearchViewTests.swift */,
			);
			path = FlickrImageTests;
			sourceTree = "<group>";
		};
		AD93767C2C3EF23A008C6C42 /* FlickrImageUITests */ = {
			isa = PBXGroup;
			children = (
				AD93767D2C3EF23A008C6C42 /* FlickerImageUITests.swift */,
				AD93767F2C3EF23A008C6C42 /* FlickerImageUITestsLaunchTests.swift */,
			);
			path = FlickrImageUITests;
			sourceTree = "<group>";
		};
		AD93768C2C3EF284008C6C42 /* Models */ = {
			isa = PBXGroup;
			children = (
				AD93768D2C3EF29D008C6C42 /* FlickrModel.swift */,
			);
			path = Models;
			sourceTree = "<group>";
		};
		AD93768F2C3EF3BB008C6C42 /* APILayer */ = {
			isa = PBXGroup;
			children = (
				AD9376902C3EF3CA008C6C42 /* FlickrService.swift */,
			);
			path = APILayer;
			sourceTree = "<group>";
		};
		AD9376922C3EF3F5008C6C42 /* Constants */ = {
			isa = PBXGroup;
			children = (
				AD9376932C3EF40D008C6C42 /* AppConstants.swift */,
			);
			path = Constants;
			sourceTree = "<group>";
		};
		AD9376952C3EF41D008C6C42 /* Views */ = {
			isa = PBXGroup;
			children = (
				AD9376642C3EF238008C6C42 /* FlickrSearchView.swift */,
				AD9376992C3EF507008C6C42 /* SearchBar.swift */,
				AD93769B2C3EF522008C6C42 /* ImageView.swift */,
				AD9376A02C3F0C49008C6C42 /* ImageViewDetail.swift */,
				AD9376A22C3F1277008C6C42 /* HTMLTextView.swift */,
			);
			path = Views;
			sourceTree = "<group>";
		};
		AD9376962C3EF481008C6C42 /* ViewModels */ = {
			isa = PBXGroup;
			children = (
				AD9376972C3EF498008C6C42 /* FlickrViewModel.swift */,
			);
			path = ViewModels;
			sourceTree = "<group>";
		};
		AD9376A42C3F13BF008C6C42 /* Utils */ = {
			isa = PBXGroup;
			children = (
				AD9376A52C3F13CE008C6C42 /* DateAdditions.swift */,
			);
			path = Utils;
			sourceTree = "<group>";
		};
/* End PBXGroup section */

/* Begin PBXNativeTarget section */
		AD93765E2C3EF238008C6C42 /* FlickrImage */ = {
			isa = PBXNativeTarget;
			buildConfigurationList = AD9376832C3EF23A008C6C42 /* Build configuration list for PBXNativeTarget "FlickrImage" */;
			buildPhases = (
				AD93765B2C3EF238008C6C42 /* Sources */,
				AD93765C2C3EF238008C6C42 /* Frameworks */,
				AD93765D2C3EF238008C6C42 /* Resources */,
			);
			buildRules = (
			);
			dependencies = (
			);
			name = FlickrImage;
			productName = FlickerImage;
			productReference = AD93765F2C3EF238008C6C42 /* FlickrImage.app */;
			productType = "com.apple.product-type.application";
		};
		AD93766E2C3EF23A008C6C42 /* FlickrImageTests */ = {
			isa = PBXNativeTarget;
			buildConfigurationList = AD9376862C3EF23A008C6C42 /* Build configuration list for PBXNativeTarget "FlickrImageTests" */;
			buildPhases = (
				AD93766B2C3EF23A008C6C42 /* Sources */,
				AD93766C2C3EF23A008C6C42 /* Frameworks */,
				AD93766D2C3EF23A008C6C42 /* Resources */,
			);
			buildRules = (
			);
			dependencies = (
				AD9376712C3EF23A008C6C42 /* PBXTargetDependency */,
			);
			name = FlickrImageTests;
			productName = FlickerImageTests;
			productReference = AD93766F2C3EF23A008C6C42 /* FlickrImageTests.xctest */;
			productType = "com.apple.product-type.bundle.unit-test";
		};
		AD9376782C3EF23A008C6C42 /* FlickrImageUITests */ = {
			isa = PBXNativeTarget;
			buildConfigurationList = AD9376892C3EF23A008C6C42 /* Build configuration list for PBXNativeTarget "FlickrImageUITests" */;
			buildPhases = (
				AD9376752C3EF23A008C6C42 /* Sources */,
				AD9376762C3EF23A008C6C42 /* Frameworks */,
				AD9376772C3EF23A008C6C42 /* Resources */,
			);
			buildRules = (
			);
			dependencies = (
				AD93767B2C3EF23A008C6C42 /* PBXTargetDependency */,
			);
			name = FlickrImageUITests;
			productName = FlickerImageUITests;
			productReference = AD9376792C3EF23A008C6C42 /* FlickrImageUITests.xctest */;
			productType = "com.apple.product-type.bundle.ui-testing";
		};
/* End PBXNativeTarget section */

/* Begin PBXProject section */
		AD9376572C3EF238008C6C42 /* Project object */ = {
			isa = PBXProject;
			attributes = {
				BuildIndependentTargetsInParallel = 1;
				LastSwiftUpdateCheck = 1530;
				LastUpgradeCheck = 1530;
				TargetAttributes = {
					AD93765E2C3EF238008C6C42 = {
						CreatedOnToolsVersion = 15.3;
					};
					AD93766E2C3EF23A008C6C42 = {
						CreatedOnToolsVersion = 15.3;
						TestTargetID = AD93765E2C3EF238008C6C42;
					};
					AD9376782C3EF23A008C6C42 = {
						CreatedOnToolsVersion = 15.3;
						TestTargetID = AD93765E2C3EF238008C6C42;
					};
				};
			};
			buildConfigurationList = AD93765A2C3EF238008C6C42 /* Build configuration list for PBXProject "FlickrImage" */;
			compatibilityVersion = "Xcode 14.0";
			developmentRegion = en;
			hasScannedForEncodings = 0;
			knownRegions = (
				en,
				Base,
			);
			mainGroup = AD9376562C3EF238008C6C42;
			productRefGroup = AD9376602C3EF238008C6C42 /* Products */;
			projectDirPath = "";
			projectRoot = "";
			targets = (
				AD93765E2C3EF238008C6C42 /* FlickrImage */,
				AD93766E2C3EF23A008C6C42 /* FlickrImageTests */,
				AD9376782C3EF23A008C6C42 /* FlickrImageUITests */,
			);
		};
/* End PBXProject section */

/* Begin PBXResourcesBuildPhase section */
		AD93765D2C3EF238008C6C42 /* Resources */ = {
			isa = PBXResourcesBuildPhase;
			buildActionMask = 2147483647;
			files = (
				AD93766A2C3EF23A008C6C42 /* Preview Assets.xcassets in Resources */,
				AD9376672C3EF23A008C6C42 /* Assets.xcassets in Resources */,
			);
			runOnlyForDeploymentPostprocessing = 0;
		};
		AD93766D2C3EF23A008C6C42 /* Resources */ = {
			isa = PBXResourcesBuildPhase;
			buildActionMask = 2147483647;
			files = (
			);
			runOnlyForDeploymentPostprocessing = 0;
		};
		AD9376772C3EF23A008C6C42 /* Resources */ = {
			isa = PBXResourcesBuildPhase;
			buildActionMask = 2147483647;
			files = (
			);
			runOnlyForDeploymentPostprocessing = 0;
		};
/* End PBXResourcesBuildPhase section */

/* Begin PBXSourcesBuildPhase section */
		AD93765B2C3EF238008C6C42 /* Sources */ = {
			isa = PBXSourcesBuildPhase;
			buildActionMask = 2147483647;
			files = (
				AD93769C2C3EF522008C6C42 /* ImageView.swift in Sources */,
				AD9376A62C3F13CE008C6C42 /* DateAdditions.swift in Sources */,
				AD93769A2C3EF507008C6C42 /* SearchBar.swift in Sources */,
				AD93768E2C3EF29D008C6C42 /* FlickrModel.swift in Sources */,
				AD9376982C3EF498008C6C42 /* FlickrViewModel.swift in Sources */,
				AD9376A12C3F0C49008C6C42 /* ImageViewDetail.swift in Sources */,
				AD9376652C3EF238008C6C42 /* FlickrSearchView.swift in Sources */,
				AD9376912C3EF3CA008C6C42 /* FlickrService.swift in Sources */,
				AD9376A32C3F1277008C6C42 /* HTMLTextView.swift in Sources */,
				AD9376632C3EF238008C6C42 /* FlickerImageApp.swift in Sources */,
				AD9376942C3EF40D008C6C42 /* AppConstants.swift in Sources */,
			);
			runOnlyForDeploymentPostprocessing = 0;
		};
		AD93766B2C3EF23A008C6C42 /* Sources */ = {
			isa = PBXSourcesBuildPhase;
			buildActionMask = 2147483647;
			files = (
				AD9376742C3EF23A008C6C42 /* FlickrSearchViewTests.swift in Sources */,
			);
			runOnlyForDeploymentPostprocessing = 0;
		};
		AD9376752C3EF23A008C6C42 /* Sources */ = {
			isa = PBXSourcesBuildPhase;
			buildActionMask = 2147483647;
			files = (
				AD93767E2C3EF23A008C6C42 /* FlickerImageUITests.swift in Sources */,
				AD9376802C3EF23A008C6C42 /* FlickerImageUITestsLaunchTests.swift in Sources */,
			);
			runOnlyForDeploymentPostprocessing = 0;
		};
/* End PBXSourcesBuildPhase section */

/* Begin PBXTargetDependency section */
		AD9376712C3EF23A008C6C42 /* PBXTargetDependency */ = {
			isa = PBXTargetDependency;
			target = AD93765E2C3EF238008C6C42 /* FlickrImage */;
			targetProxy = AD9376702C3EF23A008C6C42 /* PBXContainerItemProxy */;
		};
		AD93767B2C3EF23A008C6C42 /* PBXTargetDependency */ = {
			isa = PBXTargetDependency;
			target = AD93765E2C3EF238008C6C42 /* FlickrImage */;
			targetProxy = AD93767A2C3EF23A008C6C42 /* PBXContainerItemProxy */;
		};
/* End PBXTargetDependency section */

/* Begin XCBuildConfiguration section */
		AD9376812C3EF23A008C6C42 /* Debug */ = {
			isa = XCBuildConfiguration;
			buildSettings = {
				ALWAYS_SEARCH_USER_PATHS = NO;
				ASSETCATALOG_COMPILER_GENERATE_SWIFT_ASSET_SYMBOL_EXTENSIONS = YES;
				CLANG_ANALYZER_NONNULL = YES;
				CLANG_ANALYZER_NUMBER_OBJECT_CONVERSION = YES_AGGRESSIVE;
				CLANG_CXX_LANGUAGE_STANDARD = "gnu++20";
				CLANG_ENABLE_MODULES = YES;
				CLANG_ENABLE_OBJC_ARC = YES;
				CLANG_ENABLE_OBJC_WEAK = YES;
				CLANG_WARN_BLOCK_CAPTURE_AUTORELEASING = YES;
				CLANG_WARN_BOOL_CONVERSION = YES;
				CLANG_WARN_COMMA = YES;
				CLANG_WARN_CONSTANT_CONVERSION = YES;
				CLANG_WARN_DEPRECATED_OBJC_IMPLEMENTATIONS = YES;
				CLANG_WARN_DIRECT_OBJC_ISA_USAGE = YES_ERROR;
				CLANG_WARN_DOCUMENTATION_COMMENTS = YES;
				CLANG_WARN_EMPTY_BODY = YES;
				CLANG_WARN_ENUM_CONVERSION = YES;
				CLANG_WARN_INFINITE_RECURSION = YES;
				CLANG_WARN_INT_CONVERSION = YES;
				CLANG_WARN_NON_LITERAL_NULL_CONVERSION = YES;
				CLANG_WARN_OBJC_IMPLICIT_RETAIN_SELF = YES;
				CLANG_WARN_OBJC_LITERAL_CONVERSION = YES;
				CLANG_WARN_OBJC_ROOT_CLASS = YES_ERROR;
				CLANG_WARN_QUOTED_INCLUDE_IN_FRAMEWORK_HEADER = YES;
				CLANG_WARN_RANGE_LOOP_ANALYSIS = YES;
				CLANG_WARN_STRICT_PROTOTYPES = YES;
				CLANG_WARN_SUSPICIOUS_MOVE = YES;
				CLANG_WARN_UNGUARDED_AVAILABILITY = YES_AGGRESSIVE;
				CLANG_WARN_UNREACHABLE_CODE = YES;
				CLANG_WARN__DUPLICATE_METHOD_MATCH = YES;
				COPY_PHASE_STRIP = NO;
				DEBUG_INFORMATION_FORMAT = dwarf;
				ENABLE_STRICT_OBJC_MSGSEND = YES;
				ENABLE_TESTABILITY = YES;
				ENABLE_USER_SCRIPT_SANDBOXING = YES;
				GCC_C_LANGUAGE_STANDARD = gnu17;
				GCC_DYNAMIC_NO_PIC = NO;
				GCC_NO_COMMON_BLOCKS = YES;
				GCC_OPTIMIZATION_LEVEL = 0;
				GCC_PREPROCESSOR_DEFINITIONS = (
					"DEBUG=1",
					"$(inherited)",
				);
				GCC_WARN_64_TO_32_BIT_CONVERSION = YES;
				GCC_WARN_ABOUT_RETURN_TYPE = YES_ERROR;
				GCC_WARN_UNDECLARED_SELECTOR = YES;
				GCC_WARN_UNINITIALIZED_AUTOS = YES_AGGRESSIVE;
				GCC_WARN_UNUSED_FUNCTION = YES;
				GCC_WARN_UNUSED_VARIABLE = YES;
				IPHONEOS_DEPLOYMENT_TARGET = 17.4;
				LOCALIZATION_PREFERS_STRING_CATALOGS = YES;
				MTL_ENABLE_DEBUG_INFO = INCLUDE_SOURCE;
				MTL_FAST_MATH = YES;
				ONLY_ACTIVE_ARCH = YES;
				SDKROOT = iphoneos;
				SWIFT_ACTIVE_COMPILATION_CONDITIONS = "DEBUG $(inherited)";
				SWIFT_OPTIMIZATION_LEVEL = "-Onone";
			};
			name = Debug;
		};
		AD9376822C3EF23A008C6C42 /* Release */ = {
			isa = XCBuildConfiguration;
			buildSettings = {
				ALWAYS_SEARCH_USER_PATHS = NO;
				ASSETCATALOG_COMPILER_GENERATE_SWIFT_ASSET_SYMBOL_EXTENSIONS = YES;
				CLANG_ANALYZER_NONNULL = YES;
				CLANG_ANALYZER_NUMBER_OBJECT_CONVERSION = YES_AGGRESSIVE;
				CLANG_CXX_LANGUAGE_STANDARD = "gnu++20";
				CLANG_ENABLE_MODULES = YES;
				CLANG_ENABLE_OBJC_ARC = YES;
				CLANG_ENABLE_OBJC_WEAK = YES;
				CLANG_WARN_BLOCK_CAPTURE_AUTORELEASING = YES;
				CLANG_WARN_BOOL_CONVERSION = YES;
				CLANG_WARN_COMMA = YES;
				CLANG_WARN_CONSTANT_CONVERSION = YES;
				CLANG_WARN_DEPRECATED_OBJC_IMPLEMENTATIONS = YES;
				CLANG_WARN_DIRECT_OBJC_ISA_USAGE = YES_ERROR;
				CLANG_WARN_DOCUMENTATION_COMMENTS = YES;
				CLANG_WARN_EMPTY_BODY = YES;
				CLANG_WARN_ENUM_CONVERSION = YES;
				CLANG_WARN_INFINITE_RECURSION = YES;
				CLANG_WARN_INT_CONVERSION = YES;
				CLANG_WARN_NON_LITERAL_NULL_CONVERSION = YES;
				CLANG_WARN_OBJC_IMPLICIT_RETAIN_SELF = YES;
				CLANG_WARN_OBJC_LITERAL_CONVERSION = YES;
				CLANG_WARN_OBJC_ROOT_CLASS = YES_ERROR;
				CLANG_WARN_QUOTED_INCLUDE_IN_FRAMEWORK_HEADER = YES;
				CLANG_WARN_RANGE_LOOP_ANALYSIS = YES;
				CLANG_WARN_STRICT_PROTOTYPES = YES;
				CLANG_WARN_SUSPICIOUS_MOVE = YES;
				CLANG_WARN_UNGUARDED_AVAILABILITY = YES_AGGRESSIVE;
				CLANG_WARN_UNREACHABLE_CODE = YES;
				CLANG_WARN__DUPLICATE_METHOD_MATCH = YES;
				COPY_PHASE_STRIP = NO;
				DEBUG_INFORMATION_FORMAT = "dwarf-with-dsym";
				ENABLE_NS_ASSERTIONS = NO;
				ENABLE_STRICT_OBJC_MSGSEND = YES;
				ENABLE_USER_SCRIPT_SANDBOXING = YES;
				GCC_C_LANGUAGE_STANDARD = gnu17;
				GCC_NO_COMMON_BLOCKS = YES;
				GCC_WARN_64_TO_32_BIT_CONVERSION = YES;
				GCC_WARN_ABOUT_RETURN_TYPE = YES_ERROR;
				GCC_WARN_UNDECLARED_SELECTOR = YES;
				GCC_WARN_UNINITIALIZED_AUTOS = YES_AGGRESSIVE;
				GCC_WARN_UNUSED_FUNCTION = YES;
				GCC_WARN_UNUSED_VARIABLE = YES;
				IPHONEOS_DEPLOYMENT_TARGET = 17.4;
				LOCALIZATION_PREFERS_STRING_CATALOGS = YES;
				MTL_ENABLE_DEBUG_INFO = NO;
				MTL_FAST_MATH = YES;
				SDKROOT = iphoneos;
				SWIFT_COMPILATION_MODE = wholemodule;
				VALIDATE_PRODUCT = YES;
			};
			name = Release;
		};
		AD9376842C3EF23A008C6C42 /* Debug */ = {
			isa = XCBuildConfiguration;
			buildSettings = {
				ASSETCATALOG_COMPILER_APPICON_NAME = AppIcon;
				ASSETCATALOG_COMPILER_GLOBAL_ACCENT_COLOR_NAME = AccentColor;
				CODE_SIGN_STYLE = Automatic;
				CURRENT_PROJECT_VERSION = 1;
				DEVELOPMENT_ASSET_PATHS = "\"FlickrImage/Preview Content\"";
				DEVELOPMENT_TEAM = 4D9GCLC7BP;
				ENABLE_PREVIEWS = YES;
				GENERATE_INFOPLIST_FILE = YES;
				INFOPLIST_KEY_UIApplicationSceneManifest_Generation = YES;
				INFOPLIST_KEY_UIApplicationSupportsIndirectInputEvents = YES;
				INFOPLIST_KEY_UILaunchScreen_Generation = YES;
				INFOPLIST_KEY_UISupportedInterfaceOrientations_iPad = "UIInterfaceOrientationPortrait UIInterfaceOrientationPortraitUpsideDown UIInterfaceOrientationLandscapeLeft UIInterfaceOrientationLandscapeRight";
				INFOPLIST_KEY_UISupportedInterfaceOrientations_iPhone = "UIInterfaceOrientationPortrait UIInterfaceOrientationLandscapeLeft UIInterfaceOrientationLandscapeRight";
				IPHONEOS_DEPLOYMENT_TARGET = 15.0;
				LD_RUNPATH_SEARCH_PATHS = (
					"$(inherited)",
					"@executable_path/Frameworks",
				);
				MARKETING_VERSION = 1.0;
				PRODUCT_BUNDLE_IDENTIFIER = com.personal.FlickrImage;
				PRODUCT_NAME = "$(TARGET_NAME)";
				SWIFT_EMIT_LOC_STRINGS = YES;
				SWIFT_VERSION = 5.0;
				TARGETED_DEVICE_FAMILY = "1,2";
			};
			name = Debug;
		};
		AD9376852C3EF23A008C6C42 /* Release */ = {
			isa = XCBuildConfiguration;
			buildSettings = {
				ASSETCATALOG_COMPILER_APPICON_NAME = AppIcon;
				ASSETCATALOG_COMPILER_GLOBAL_ACCENT_COLOR_NAME = AccentColor;
				CODE_SIGN_STYLE = Automatic;
				CURRENT_PROJECT_VERSION = 1;
				DEVELOPMENT_ASSET_PATHS = "\"FlickrImage/Preview Content\"";
				DEVELOPMENT_TEAM = 4D9GCLC7BP;
				ENABLE_PREVIEWS = YES;
				GENERATE_INFOPLIST_FILE = YES;
				INFOPLIST_KEY_UIApplicationSceneManifest_Generation = YES;
				INFOPLIST_KEY_UIApplicationSupportsIndirectInputEvents = YES;
				INFOPLIST_KEY_UILaunchScreen_Generation = YES;
				INFOPLIST_KEY_UISupportedInterfaceOrientations_iPad = "UIInterfaceOrientationPortrait UIInterfaceOrientationPortraitUpsideDown UIInterfaceOrientationLandscapeLeft UIInterfaceOrientationLandscapeRight";
				INFOPLIST_KEY_UISupportedInterfaceOrientations_iPhone = "UIInterfaceOrientationPortrait UIInterfaceOrientationLandscapeLeft UIInterfaceOrientationLandscapeRight";
				IPHONEOS_DEPLOYMENT_TARGET = 15.0;
				LD_RUNPATH_SEARCH_PATHS = (
					"$(inherited)",
					"@executable_path/Frameworks",
				);
				MARKETING_VERSION = 1.0;
				PRODUCT_BUNDLE_IDENTIFIER = com.personal.FlickrImage;
				PRODUCT_NAME = "$(TARGET_NAME)";
				SWIFT_EMIT_LOC_STRINGS = YES;
				SWIFT_VERSION = 5.0;
				TARGETED_DEVICE_FAMILY = "1,2";
			};
			name = Release;
		};
		AD9376872C3EF23A008C6C42 /* Debug */ = {
			isa = XCBuildConfiguration;
			buildSettings = {
				ALWAYS_EMBED_SWIFT_STANDARD_LIBRARIES = YES;
				BUNDLE_LOADER = "$(TEST_HOST)";
				CODE_SIGN_STYLE = Automatic;
				CURRENT_PROJECT_VERSION = 1;
				DEVELOPMENT_TEAM = 4D9GCLC7BP;
				GENERATE_INFOPLIST_FILE = YES;
				IPHONEOS_DEPLOYMENT_TARGET = 17.4;
				MARKETING_VERSION = 1.0;
				PRODUCT_BUNDLE_IDENTIFIER = com.personal.FlickerImageTests;
				PRODUCT_NAME = "$(TARGET_NAME)";
				SWIFT_EMIT_LOC_STRINGS = NO;
				SWIFT_VERSION = 5.0;
				TARGETED_DEVICE_FAMILY = "1,2";
				TEST_HOST = "$(BUILT_PRODUCTS_DIR)/FlickrImage.app/$(BUNDLE_EXECUTABLE_FOLDER_PATH)/FlickrImage";
			};
			name = Debug;
		};
		AD9376882C3EF23A008C6C42 /* Release */ = {
			isa = XCBuildConfiguration;
			buildSettings = {
				ALWAYS_EMBED_SWIFT_STANDARD_LIBRARIES = YES;
				BUNDLE_LOADER = "$(TEST_HOST)";
				CODE_SIGN_STYLE = Automatic;
				CURRENT_PROJECT_VERSION = 1;
				DEVELOPMENT_TEAM = 4D9GCLC7BP;
				GENERATE_INFOPLIST_FILE = YES;
				IPHONEOS_DEPLOYMENT_TARGET = 17.4;
				MARKETING_VERSION = 1.0;
				PRODUCT_BUNDLE_IDENTIFIER = com.personal.FlickerImageTests;
				PRODUCT_NAME = "$(TARGET_NAME)";
				SWIFT_EMIT_LOC_STRINGS = NO;
				SWIFT_VERSION = 5.0;
				TARGETED_DEVICE_FAMILY = "1,2";
				TEST_HOST = "$(BUILT_PRODUCTS_DIR)/FlickrImage.app/$(BUNDLE_EXECUTABLE_FOLDER_PATH)/FlickrImage";
			};
			name = Release;
		};
		AD93768A2C3EF23A008C6C42 /* Debug */ = {
			isa = XCBuildConfiguration;
			buildSettings = {
				ALWAYS_EMBED_SWIFT_STANDARD_LIBRARIES = YES;
				CODE_SIGN_STYLE = Automatic;
				CURRENT_PROJECT_VERSION = 1;
				DEVELOPMENT_TEAM = 4D9GCLC7BP;
				GENERATE_INFOPLIST_FILE = YES;
				MARKETING_VERSION = 1.0;
				PRODUCT_BUNDLE_IDENTIFIER = com.personal.FlickerImageUITests;
				PRODUCT_NAME = "$(TARGET_NAME)";
				SWIFT_EMIT_LOC_STRINGS = NO;
				SWIFT_VERSION = 5.0;
				TARGETED_DEVICE_FAMILY = "1,2";
				TEST_TARGET_NAME = FlickerImage;
			};
			name = Debug;
		};
		AD93768B2C3EF23A008C6C42 /* Release */ = {
			isa = XCBuildConfiguration;
			buildSettings = {
				ALWAYS_EMBED_SWIFT_STANDARD_LIBRARIES = YES;
				CODE_SIGN_STYLE = Automatic;
				CURRENT_PROJECT_VERSION = 1;
				DEVELOPMENT_TEAM = 4D9GCLC7BP;
				GENERATE_INFOPLIST_FILE = YES;
				MARKETING_VERSION = 1.0;
				PRODUCT_BUNDLE_IDENTIFIER = com.personal.FlickerImageUITests;
				PRODUCT_NAME = "$(TARGET_NAME)";
				SWIFT_EMIT_LOC_STRINGS = NO;
				SWIFT_VERSION = 5.0;
				TARGETED_DEVICE_FAMILY = "1,2";
				TEST_TARGET_NAME = FlickerImage;
			};
			name = Release;
		};
/* End XCBuildConfiguration section */

/* Begin XCConfigurationList section */
		AD93765A2C3EF238008C6C42 /* Build configuration list for PBXProject "FlickrImage" */ = {
			isa = XCConfigurationList;
			buildConfigurations = (
				AD9376812C3EF23A008C6C42 /* Debug */,
				AD9376822C3EF23A008C6C42 /* Release */,
			);
			defaultConfigurationIsVisible = 0;
			defaultConfigurationName = Release;
		};
		AD9376832C3EF23A008C6C42 /* Build configuration list for PBXNativeTarget "FlickrImage" */ = {
			isa = XCConfigurationList;
			buildConfigurations = (
				AD9376842C3EF23A008C6C42 /* Debug */,
				AD9376852C3EF23A008C6C42 /* Release */,
			);
			defaultConfigurationIsVisible = 0;
			defaultConfigurationName = Release;
		};
		AD9376862C3EF23A008C6C42 /* Build configuration list for PBXNativeTarget "FlickrImageTests" */ = {
			isa = XCConfigurationList;
			buildConfigurations = (
				AD9376872C3EF23A008C6C42 /* Debug */,
				AD9376882C3EF23A008C6C42 /* Release */,
			);
			defaultConfigurationIsVisible = 0;
			defaultConfigurationName = Release;
		};
		AD9376892C3EF23A008C6C42 /* Build configuration list for PBXNativeTarget "FlickrImageUITests" */ = {
			isa = XCConfigurationList;
			buildConfigurations = (
				AD93768A2C3EF23A008C6C42 /* Debug */,
				AD93768B2C3EF23A008C6C42 /* Release */,
			);
			defaultConfigurationIsVisible = 0;
			defaultConfigurationName = Release;
		};
/* End XCConfigurationList section */
	};
	rootObject = AD9376572C3EF238008C6C42 /* Project object */;
}
